
Microsoft Visual Studio Solution File, Format Version 12.00
Project("{2150E333-8FDC-42A3-9474-1A3956D46DE8}") = "Services", "Services", "{6121DF89-072F-4208-AF4D-DFDE86BF756C}"
EndProject
Project("{2150E333-8FDC-42A3-9474-1A3956D46DE8}") = "Catalog", "Catalog", "{56631D46-42CF-4EE9-B76F-066D4BD6DAED}"
EndProject
Project("{FAE04EC0-301F-11D3-BF4B-00C04F79EFBC}") = "Catalog.API", "Services\Catalog\Catalog.API\Catalog.API.csproj", "{74A77BF1-F473-49B8-97DC-8A6550C5FEBB}"
EndProject
Project("{2150E333-8FDC-42A3-9474-1A3956D46DE8}") = "BuildingBlocks", "BuildingBlocks", "{8497001B-182D-465D-A0A9-8DE99D27EF70}"
EndProject
Project("{FAE04EC0-301F-11D3-BF4B-00C04F79EFBC}") = "BuildingBlocks", "BuildingBlocks\BuildingBlocks\BuildingBlocks.csproj", "{CDC9D09B-2F14-4B21-B7D1-4DBB3D29395C}"
EndProject
Project("{2150E333-8FDC-42A3-9474-1A3956D46DE8}") = "Solution Items", "Solution Items", "{71BDD2D0-BB88-4575-BEB7-01EAB30FB638}"
	ProjectSection(SolutionItems) = preProject
		docker-compose.yml = docker-compose.yml
	EndProjectSection
EndProject
Project("{2150E333-8FDC-42A3-9474-1A3956D46DE8}") = "Basket", "Basket", "{412B22D5-D7D0-4B83-835C-C65C650755CD}"
EndProject
Project("{FAE04EC0-301F-11D3-BF4B-00C04F79EFBC}") = "Basket.API", "Services\Basket\Basket.API\Basket.API.csproj", "{8B9444B8-3DEC-4C36-B05D-2887C10FDF38}"
EndProject
Project("{2150E333-8FDC-42A3-9474-1A3956D46DE8}") = "Discount", "Discount", "{E8665FBB-57C5-45A9-A9EB-162203470BD0}"
EndProject
Project("{FAE04EC0-301F-11D3-BF4B-00C04F79EFBC}") = "Discount.Grpc", "Services\Discount\Discount.Grpc\Discount.Grpc.csproj", "{D94FAF50-8DD8-4CC6-ACFB-086921159989}"
EndProject
Project("{2150E333-8FDC-42A3-9474-1A3956D46DE8}") = "Ordering", "Ordering", "{8A96C0B4-555A-4496-A918-709356E5EDFF}"
EndProject
Project("{FAE04EC0-301F-11D3-BF4B-00C04F79EFBC}") = "Ordering.API", "Services\Ordering\Ordering.API\Ordering.API.csproj", "{8D502337-D729-4F35-A1E0-7DE99E5CF8BA}"
EndProject
Project("{FAE04EC0-301F-11D3-BF4B-00C04F79EFBC}") = "Ordering.Domain", "Services\Ordering\Ordering.Domain\Ordering.Domain.csproj", "{099B3B61-BF90-44A8-B289-80322B9DBB70}"
EndProject
Project("{FAE04EC0-301F-11D3-BF4B-00C04F79EFBC}") = "Ordering.Application", "Services\Ordering\Ordering.Application\Ordering.Application.csproj", "{949A0D93-366B-45FE-84AA-A3344A672E03}"
EndProject
Project("{FAE04EC0-301F-11D3-BF4B-00C04F79EFBC}") = "Ordering.Infrastructure", "Services\Ordering\Ordering.Infrastructure\Ordering.Infrastructure.csproj", "{1FC9C595-D1A0-4390-8CF8-E15E7E008DE0}"
EndProject
Project("{FAE04EC0-301F-11D3-BF4B-00C04F79EFBC}") = "BuildingBlocks.Messaging", "BuildingBlocks\BuildingBlocks.Messaging\BuildingBlocks.Messaging.csproj", "{77F421D2-2DC9-4F0F-BE33-473D811212B0}"
EndProject
Project("{2150E333-8FDC-42A3-9474-1A3956D46DE8}") = "ApiGateways", "ApiGateways", "{FB2606EF-BDD7-4F8F-8AA7-4202BF4778BA}"
EndProject
Project("{FAE04EC0-301F-11D3-BF4B-00C04F79EFBC}") = "YarpApiGateway", "ApiGateways\YarpApiGateway\YarpApiGateway.csproj", "{90BB90ED-A898-4006-A231-CE7436A09A71}"
EndProject
Global
	GlobalSection(SolutionConfigurationPlatforms) = preSolution
		Debug|Any CPU = Debug|Any CPU
		Release|Any CPU = Release|Any CPU
	EndGlobalSection
	GlobalSection(NestedProjects) = preSolution
		{56631D46-42CF-4EE9-B76F-066D4BD6DAED} = {6121DF89-072F-4208-AF4D-DFDE86BF756C}
		{74A77BF1-F473-49B8-97DC-8A6550C5FEBB} = {56631D46-42CF-4EE9-B76F-066D4BD6DAED}
		{CDC9D09B-2F14-4B21-B7D1-4DBB3D29395C} = {8497001B-182D-465D-A0A9-8DE99D27EF70}
		{412B22D5-D7D0-4B83-835C-C65C650755CD} = {6121DF89-072F-4208-AF4D-DFDE86BF756C}
		{8B9444B8-3DEC-4C36-B05D-2887C10FDF38} = {412B22D5-D7D0-4B83-835C-C65C650755CD}
		{E8665FBB-57C5-45A9-A9EB-162203470BD0} = {6121DF89-072F-4208-AF4D-DFDE86BF756C}
		{D94FAF50-8DD8-4CC6-ACFB-086921159989} = {E8665FBB-57C5-45A9-A9EB-162203470BD0}
		{8A96C0B4-555A-4496-A918-709356E5EDFF} = {6121DF89-072F-4208-AF4D-DFDE86BF756C}
		{8D502337-D729-4F35-A1E0-7DE99E5CF8BA} = {8A96C0B4-555A-4496-A918-709356E5EDFF}
		{099B3B61-BF90-44A8-B289-80322B9DBB70} = {8A96C0B4-555A-4496-A918-709356E5EDFF}
		{949A0D93-366B-45FE-84AA-A3344A672E03} = {8A96C0B4-555A-4496-A918-709356E5EDFF}
		{1FC9C595-D1A0-4390-8CF8-E15E7E008DE0} = {8A96C0B4-555A-4496-A918-709356E5EDFF}
		{77F421D2-2DC9-4F0F-BE33-473D811212B0} = {8497001B-182D-465D-A0A9-8DE99D27EF70}
		{90BB90ED-A898-4006-A231-CE7436A09A71} = {FB2606EF-BDD7-4F8F-8AA7-4202BF4778BA}
	EndGlobalSection
	GlobalSection(ProjectConfigurationPlatforms) = postSolution
		{74A77BF1-F473-49B8-97DC-8A6550C5FEBB}.Debug|Any CPU.ActiveCfg = Debug|Any CPU
		{74A77BF1-F473-49B8-97DC-8A6550C5FEBB}.Debug|Any CPU.Build.0 = Debug|Any CPU
		{74A77BF1-F473-49B8-97DC-8A6550C5FEBB}.Release|Any CPU.ActiveCfg = Release|Any CPU
		{74A77BF1-F473-49B8-97DC-8A6550C5FEBB}.Release|Any CPU.Build.0 = Release|Any CPU
		{CDC9D09B-2F14-4B21-B7D1-4DBB3D29395C}.Debug|Any CPU.ActiveCfg = Debug|Any CPU
		{CDC9D09B-2F14-4B21-B7D1-4DBB3D29395C}.Debug|Any CPU.Build.0 = Debug|Any CPU
		{CDC9D09B-2F14-4B21-B7D1-4DBB3D29395C}.Release|Any CPU.ActiveCfg = Release|Any CPU
		{CDC9D09B-2F14-4B21-B7D1-4DBB3D29395C}.Release|Any CPU.Build.0 = Release|Any CPU
		{8B9444B8-3DEC-4C36-B05D-2887C10FDF38}.Debug|Any CPU.ActiveCfg = Debug|Any CPU
		{8B9444B8-3DEC-4C36-B05D-2887C10FDF38}.Debug|Any CPU.Build.0 = Debug|Any CPU
		{8B9444B8-3DEC-4C36-B05D-2887C10FDF38}.Release|Any CPU.ActiveCfg = Release|Any CPU
		{8B9444B8-3DEC-4C36-B05D-2887C10FDF38}.Release|Any CPU.Build.0 = Release|Any CPU
		{D94FAF50-8DD8-4CC6-ACFB-086921159989}.Debug|Any CPU.ActiveCfg = Debug|Any CPU
		{D94FAF50-8DD8-4CC6-ACFB-086921159989}.Debug|Any CPU.Build.0 = Debug|Any CPU
		{D94FAF50-8DD8-4CC6-ACFB-086921159989}.Release|Any CPU.ActiveCfg = Release|Any CPU
		{D94FAF50-8DD8-4CC6-ACFB-086921159989}.Release|Any CPU.Build.0 = Release|Any CPU
		{8D502337-D729-4F35-A1E0-7DE99E5CF8BA}.Debug|Any CPU.ActiveCfg = Debug|Any CPU
		{8D502337-D729-4F35-A1E0-7DE99E5CF8BA}.Debug|Any CPU.Build.0 = Debug|Any CPU
		{8D502337-D729-4F35-A1E0-7DE99E5CF8BA}.Release|Any CPU.ActiveCfg = Release|Any CPU
		{8D502337-D729-4F35-A1E0-7DE99E5CF8BA}.Release|Any CPU.Build.0 = Release|Any CPU
		{099B3B61-BF90-44A8-B289-80322B9DBB70}.Debug|Any CPU.ActiveCfg = Debug|Any CPU
		{099B3B61-BF90-44A8-B289-80322B9DBB70}.Debug|Any CPU.Build.0 = Debug|Any CPU
		{099B3B61-BF90-44A8-B289-80322B9DBB70}.Release|Any CPU.ActiveCfg = Release|Any CPU
		{099B3B61-BF90-44A8-B289-80322B9DBB70}.Release|Any CPU.Build.0 = Release|Any CPU
		{949A0D93-366B-45FE-84AA-A3344A672E03}.Debug|Any CPU.ActiveCfg = Debug|Any CPU
		{949A0D93-366B-45FE-84AA-A3344A672E03}.Debug|Any CPU.Build.0 = Debug|Any CPU
		{949A0D93-366B-45FE-84AA-A3344A672E03}.Release|Any CPU.ActiveCfg = Release|Any CPU
		{949A0D93-366B-45FE-84AA-A3344A672E03}.Release|Any CPU.Build.0 = Release|Any CPU
		{1FC9C595-D1A0-4390-8CF8-E15E7E008DE0}.Debug|Any CPU.ActiveCfg = Debug|Any CPU
		{1FC9C595-D1A0-4390-8CF8-E15E7E008DE0}.Debug|Any CPU.Build.0 = Debug|Any CPU
		{1FC9C595-D1A0-4390-8CF8-E15E7E008DE0}.Release|Any CPU.ActiveCfg = Release|Any CPU
		{1FC9C595-D1A0-4390-8CF8-E15E7E008DE0}.Release|Any CPU.Build.0 = Release|Any CPU
		{77F421D2-2DC9-4F0F-BE33-473D811212B0}.Debug|Any CPU.ActiveCfg = Debug|Any CPU
		{77F421D2-2DC9-4F0F-BE33-473D811212B0}.Debug|Any CPU.Build.0 = Debug|Any CPU
		{77F421D2-2DC9-4F0F-BE33-473D811212B0}.Release|Any CPU.ActiveCfg = Release|Any CPU
		{77F421D2-2DC9-4F0F-BE33-473D811212B0}.Release|Any CPU.Build.0 = Release|Any CPU
		{90BB90ED-A898-4006-A231-CE7436A09A71}.Debug|Any CPU.ActiveCfg = Debug|Any CPU
		{90BB90ED-A898-4006-A231-CE7436A09A71}.Debug|Any CPU.Build.0 = Debug|Any CPU
		{90BB90ED-A898-4006-A231-CE7436A09A71}.Release|Any CPU.ActiveCfg = Release|Any CPU
		{90BB90ED-A898-4006-A231-CE7436A09A71}.Release|Any CPU.Build.0 = Release|Any CPU
	EndGlobalSection
EndGlobal
